// !$*UTF8*$!
{
	archiveVersion = 1;
	classes = {
	};
	objectVersion = 77;
	objects = {

/* Begin PBXBuildFile section */
		D456EA902DE60E0500C44E8F /* SmartBookkeepingShare.appex in Embed Foundation Extensions */ = {isa = PBXBuildFile; fileRef = D456EA862DE60E0500C44E8F /* SmartBookkeepingShare.appex */; settings = {ATTRIBUTES = (RemoveHeadersOnCopy, ); }; };
/* End PBXBuildFile section */

/* Begin PBXContainerItemProxy section */
		D4126C562DE1B83D0077F67A /* PBXContainerItemProxy */ = {
			isa = PBXContainerItemProxy;
			containerPortal = D4126C402DE1B83B0077F67A /* Project object */;
			proxyType = 1;
			remoteGlobalIDString = D4126C472DE1B83B0077F67A;
			remoteInfo = SmartBookkeeping;
		};
		D4126C602DE1B83D0077F67A /* PBXContainerItemProxy */ = {
			isa = PBXContainerItemProxy;
			containerPortal = D4126C402DE1B83B0077F67A /* Project object */;
			proxyType = 1;
			remoteGlobalIDString = D4126C472DE1B83B0077F67A;
			remoteInfo = SmartBookkeeping;
		};
		D456EA8E2DE60E0500C44E8F /* PBXContainerItemProxy */ = {
			isa = PBXContainerItemProxy;
			containerPortal = D4126C402DE1B83B0077F67A /* Project object */;
			proxyType = 1;
			remoteGlobalIDString = D456EA852DE60E0500C44E8F;
			remoteInfo = SmartBookkeepingShare;
		};
/* End PBXContainerItemProxy section */

/* Begin PBXCopyFilesBuildPhase section */
		D456EA952DE60E0500C44E8F /* Embed Foundation Extensions */ = {
			isa = PBXCopyFilesBuildPhase;
			buildActionMask = 2147483647;
			dstPath = "";
			dstSubfolderSpec = 13;
			files = (
				D456EA902DE60E0500C44E8F /* SmartBookkeepingShare.appex in Embed Foundation Extensions */,
			);
			name = "Embed Foundation Extensions";
			runOnlyForDeploymentPostprocessing = 0;
		};
/* End PBXCopyFilesBuildPhase section */

/* Begin PBXFileReference section */
		D4126C482DE1B83B0077F67A /* SmartBookkeeping.app */ = {isa = PBXFileReference; explicitFileType = wrapper.application; includeInIndex = 0; path = SmartBookkeeping.app; sourceTree = BUILT_PRODUCTS_DIR; };
		D4126C552DE1B83D0077F67A /* SmartBookkeepingTests.xctest */ = {isa = PBXFileReference; explicitFileType = wrapper.cfbundle; includeInIndex = 0; path = SmartBookkeepingTests.xctest; sourceTree = BUILT_PRODUCTS_DIR; };
		D4126C5F2DE1B83D0077F67A /* SmartBookkeepingUITests.xctest */ = {isa = PBXFileReference; explicitFileType = wrapper.cfbundle; includeInIndex = 0; path = SmartBookkeepingUITests.xctest; sourceTree = BUILT_PRODUCTS_DIR; };
		D456EA862DE60E0500C44E8F /* SmartBookkeepingShare.appex */ = {isa = PBXFileReference; explicitFileType = "wrapper.app-extension"; includeInIndex = 0; path = SmartBookkeepingShare.appex; sourceTree = BUILT_PRODUCTS_DIR; };
/* End PBXFileReference section */

/* Begin PBXFileSystemSynchronizedBuildFileExceptionSet section */
		D456EA942DE60E0500C44E8F /* Exceptions for "SmartBookkeepingShare" folder in "SmartBookkeepingShare" target */ = {
			isa = PBXFileSystemSynchronizedBuildFileExceptionSet;
			membershipExceptions = (
				Info.plist,
			);
			target = D456EA852DE60E0500C44E8F /* SmartBookkeepingShare */;
		};
/* End PBXFileSystemSynchronizedBuildFileExceptionSet section */

/* Begin PBXFileSystemSynchronizedRootGroup section */
		D4126C4A2DE1B83B0077F67A /* SmartBookkeeping */ = {
			isa = PBXFileSystemSynchronizedRootGroup;
			path = SmartBookkeeping;
			sourceTree = "<group>";
		};
		D4126C582DE1B83D0077F67A /* SmartBookkeepingTests */ = {
			isa = PBXFileSystemSynchronizedRootGroup;
			path = SmartBookkeepingTests;
			sourceTree = "<group>";
		};
		D4126C622DE1B83D0077F67A /* SmartBookkeepingUITests */ = {
			isa = PBXFileSystemSynchronizedRootGroup;
			path = SmartBookkeepingUITests;
			sourceTree = "<group>";
		};
		D456EA872DE60E0500C44E8F /* SmartBookkeepingShare */ = {
			isa = PBXFileSystemSynchronizedRootGroup;
			exceptions = (
				D456EA942DE60E0500C44E8F /* Exceptions for "SmartBookkeepingShare" folder in "SmartBookkeepingShare" target */,
			);
			path = SmartBookkeepingShare;
			sourceTree = "<group>";
		};
/* End PBXFileSystemSynchronizedRootGroup section */

/* Begin PBXFrameworksBuildPhase section */
		D4126C452DE1B83B0077F67A /* Frameworks */ = {
			isa = PBXFrameworksBuildPhase;
			buildActionMask = 2147483647;
			files = (
			);
			runOnlyForDeploymentPostprocessing = 0;
		};
		D4126C522DE1B83D0077F67A /* Frameworks */ = {
			isa = PBXFrameworksBuildPhase;
			buildActionMask = 2147483647;
			files = (
			);
			runOnlyForDeploymentPostprocessing = 0;
		};
		D4126C5C2DE1B83D0077F67A /* Frameworks */ = {
			isa = PBXFrameworksBuildPhase;
			buildActionMask = 2147483647;
			files = (
			);
			runOnlyForDeploymentPostprocessing = 0;
		};
		D456EA832DE60E0500C44E8F /* Frameworks */ = {
			isa = PBXFrameworksBuildPhase;
			buildActionMask = 2147483647;
			files = (
			);
			runOnlyForDeploymentPostprocessing = 0;
		};
/* End PBXFrameworksBuildPhase section */

/* Begin PBXGroup section */
		D4126C3F2DE1B83B0077F67A = {
			isa = PBXGroup;
			children = (
				D4126C4A2DE1B83B0077F67A /* SmartBookkeeping */,
				D4126C582DE1B83D0077F67A /* SmartBookkeepingTests */,
				D4126C622DE1B83D0077F67A /* SmartBookkeepingUITests */,
				D456EA872DE60E0500C44E8F /* SmartBookkeepingShare */,
				D4126C492DE1B83B0077F67A /* Products */,
			);
			sourceTree = "<group>";
		};
		D4126C492DE1B83B0077F67A /* Products */ = {
			isa = PBXGroup;
			children = (
				D4126C482DE1B83B0077F67A /* SmartBookkeeping.app */,
				D4126C552DE1B83D0077F67A /* SmartBookkeepingTests.xctest */,
				D4126C5F2DE1B83D0077F67A /* SmartBookkeepingUITests.xctest */,
				D456EA862DE60E0500C44E8F /* SmartBookkeepingShare.appex */,
			);
			name = Products;
			sourceTree = "<group>";
		};
/* End PBXGroup section */

/* Begin PBXNativeTarget section */
		D4126C472DE1B83B0077F67A /* SmartBookkeeping */ = {
			isa = PBXNativeTarget;
			buildConfigurationList = D4126C692DE1B83D0077F67A /* Build configuration list for PBXNativeTarget "SmartBookkeeping" */;
			buildPhases = (
				D4126C442DE1B83B0077F67A /* Sources */,
				D4126C452DE1B83B0077F67A /* Frameworks */,
				D4126C462DE1B83B0077F67A /* Resources */,
				D456EA952DE60E0500C44E8F /* Embed Foundation Extensions */,
			);
			buildRules = (
			);
			dependencies = (
				D456EA8F2DE60E0500C44E8F /* PBXTargetDependency */,
			);
			fileSystemSynchronizedGroups = (
				D4126C4A2DE1B83B0077F67A /* SmartBookkeeping */,
			);
			name = SmartBookkeeping;
			packageProductDependencies = (
			);
			productName = SmartBookkeeping;
			productReference = D4126C482DE1B83B0077F67A /* SmartBookkeeping.app */;
			productType = "com.apple.product-type.application";
		};
		D4126C542DE1B83D0077F67A /* SmartBookkeepingTests */ = {
			isa = PBXNativeTarget;
			buildConfigurationList = D4126C6C2DE1B83D0077F67A /* Build configuration list for PBXNativeTarget "SmartBookkeepingTests" */;
			buildPhases = (
				D4126C512DE1B83D0077F67A /* Sources */,
				D4126C522DE1B83D0077F67A /* Frameworks */,
				D4126C532DE1B83D0077F67A /* Resources */,
			);
			buildRules = (
			);
			dependencies = (
				D4126C572DE1B83D0077F67A /* PBXTargetDependency */,
			);
			fileSystemSynchronizedGroups = (
				D4126C582DE1B83D0077F67A /* SmartBookkeepingTests */,
			);
			name = SmartBookkeepingTests;
			packageProductDependencies = (
			);
			productName = SmartBookkeepingTests;
			productReference = D4126C552DE1B83D0077F67A /* SmartBookkeepingTests.xctest */;
			productType = "com.apple.product-type.bundle.unit-test";
		};
		D4126C5E2DE1B83D0077F67A /* SmartBookkeepingUITests */ = {
			isa = PBXNativeTarget;
			buildConfigurationList = D4126C6F2DE1B83D0077F67A /* Build configuration list for PBXNativeTarget "SmartBookkeepingUITests" */;
			buildPhases = (
				D4126C5B2DE1B83D0077F67A /* Sources */,
				D4126C5C2DE1B83D0077F67A /* Frameworks */,
				D4126C5D2DE1B83D0077F67A /* Resources */,
			);
			buildRules = (
			);
			dependencies = (
				D4126C612DE1B83D0077F67A /* PBXTargetDependency */,
			);
			fileSystemSynchronizedGroups = (
				D4126C622DE1B83D0077F67A /* SmartBookkeepingUITests */,
			);
			name = SmartBookkeepingUITests;
			packageProductDependencies = (
			);
			productName = SmartBookkeepingUITests;
			productReference = D4126C5F2DE1B83D0077F67A /* SmartBookkeepingUITests.xctest */;
			productType = "com.apple.product-type.bundle.ui-testing";
		};
		D456EA852DE60E0500C44E8F /* SmartBookkeepingShare */ = {
			isa = PBXNativeTarget;
			buildConfigurationList = D456EA912DE60E0500C44E8F /* Build configuration list for PBXNativeTarget "SmartBookkeepingShare" */;
			buildPhases = (
				D456EA822DE60E0500C44E8F /* Sources */,
				D456EA832DE60E0500C44E8F /* Frameworks */,
				D456EA842DE60E0500C44E8F /* Resources */,
			);
			buildRules = (
			);
			dependencies = (
			);
			fileSystemSynchronizedGroups = (
				D456EA872DE60E0500C44E8F /* SmartBookkeepingShare */,
			);
			name = SmartBookkeepingShare;
			packageProductDependencies = (
			);
			productName = SmartBookkeepingShare;
			productReference = D456EA862DE60E0500C44E8F /* SmartBookkeepingShare.appex */;
			productType = "com.apple.product-type.app-extension";
		};
/* End PBXNativeTarget section */

/* Begin PBXProject section */
		D4126C402DE1B83B0077F67A /* Project object */ = {
			isa = PBXProject;
			attributes = {
				BuildIndependentTargetsInParallel = 1;
				LastSwiftUpdateCheck = 1630;
				LastUpgradeCheck = 1630;
				TargetAttributes = {
					D4126C472DE1B83B0077F67A = {
						CreatedOnToolsVersion = 16.3;
					};
					D4126C542DE1B83D0077F67A = {
						CreatedOnToolsVersion = 16.3;
						TestTargetID = D4126C472DE1B83B0077F67A;
					};
					D4126C5E2DE1B83D0077F67A = {
						CreatedOnToolsVersion = 16.3;
						TestTargetID = D4126C472DE1B83B0077F67A;
					};
					D456EA852DE60E0500C44E8F = {
						CreatedOnToolsVersion = 16.3;
					};
				};
			};
			buildConfigurationList = D4126C432DE1B83B0077F67A /* Build configuration list for PBXProject "SmartBookkeeping" */;
			developmentRegion = en;
			hasScannedForEncodings = 0;
			knownRegions = (
				en,
				Base,
			);
			mainGroup = D4126C3F2DE1B83B0077F67A;
			minimizedProjectReferenceProxies = 1;
			preferredProjectObjectVersion = 77;
			productRefGroup = D4126C492DE1B83B0077F67A /* Products */;
			projectDirPath = "";
			projectRoot = "";
			targets = (
				D4126C472DE1B83B0077F67A /* SmartBookkeeping */,
				D4126C542DE1B83D0077F67A /* SmartBookkeepingTests */,
				D4126C5E2DE1B83D0077F67A /* SmartBookkeepingUITests */,
				D456EA852DE60E0500C44E8F /* SmartBookkeepingShare */,
			);
		};
/* End PBXProject section */

/* Begin PBXResourcesBuildPhase section */
		D4126C462DE1B83B0077F67A /* Resources */ = {
			isa = PBXResourcesBuildPhase;
			buildActionMask = 2147483647;
			files = (
			);
			runOnlyForDeploymentPostprocessing = 0;
		};
		D4126C532DE1B83D0077F67A /* Resources */ = {
			isa = PBXResourcesBuildPhase;
			buildActionMask = 2147483647;
			files = (
			);
			runOnlyForDeploymentPostprocessing = 0;
		};
		D4126C5D2DE1B83D0077F67A /* Resources */ = {
			isa = PBXResourcesBuildPhase;
			buildActionMask = 2147483647;
			files = (
			);
			runOnlyForDeploymentPostprocessing = 0;
		};
		D456EA842DE60E0500C44E8F /* Resources */ = {
			isa = PBXResourcesBuildPhase;
			buildActionMask = 2147483647;
			files = (
			);
			runOnlyForDeploymentPostprocessing = 0;
		};
/* End PBXResourcesBuildPhase section */

/* Begin PBXSourcesBuildPhase section */
		D4126C442DE1B83B0077F67A /* Sources */ = {
			isa = PBXSourcesBuildPhase;
			buildActionMask = 2147483647;
			files = (
			);
			runOnlyForDeploymentPostprocessing = 0;
		};
		D4126C512DE1B83D0077F67A /* Sources */ = {
			isa = PBXSourcesBuildPhase;
			buildActionMask = 2147483647;
			files = (
			);
			runOnlyForDeploymentPostprocessing = 0;
		};
		D4126C5B2DE1B83D0077F67A /* Sources */ = {
			isa = PBXSourcesBuildPhase;
			buildActionMask = 2147483647;
			files = (
			);
			runOnlyForDeploymentPostprocessing = 0;
		};
		D456EA822DE60E0500C44E8F /* Sources */ = {
			isa = PBXSourcesBuildPhase;
			buildActionMask = 2147483647;
			files = (
			);
			runOnlyForDeploymentPostprocessing = 0;
		};
/* End PBXSourcesBuildPhase section */

/* Begin PBXTargetDependency section */
		D4126C572DE1B83D0077F67A /* PBXTargetDependency */ = {
			isa = PBXTargetDependency;
			target = D4126C472DE1B83B0077F67A /* SmartBookkeeping */;
			targetProxy = D4126C562DE1B83D0077F67A /* PBXContainerItemProxy */;
		};
		D4126C612DE1B83D0077F67A /* PBXTargetDependency */ = {
			isa = PBXTargetDependency;
			target = D4126C472DE1B83B0077F67A /* SmartBookkeeping */;
			targetProxy = D4126C602DE1B83D0077F67A /* PBXContainerItemProxy */;
		};
		D456EA8F2DE60E0500C44E8F /* PBXTargetDependency */ = {
			isa = PBXTargetDependency;
			target = D456EA852DE60E0500C44E8F /* SmartBookkeepingShare */;
			targetProxy = D456EA8E2DE60E0500C44E8F /* PBXContainerItemProxy */;
		};
/* End PBXTargetDependency section */

/* Begin XCBuildConfiguration section */
		D4126C672DE1B83D0077F67A /* Debug */ = {
			isa = XCBuildConfiguration;
			buildSettings = {
				ALWAYS_SEARCH_USER_PATHS = NO;
				ASSETCATALOG_COMPILER_GENERATE_SWIFT_ASSET_SYMBOL_EXTENSIONS = YES;
				CLANG_ANALYZER_NONNULL = YES;
				CLANG_ANALYZER_NUMBER_OBJECT_CONVERSION = YES_AGGRESSIVE;
				CLANG_CXX_LANGUAGE_STANDARD = "gnu++20";
				CLANG_ENABLE_MODULES = YES;
				CLANG_ENABLE_OBJC_ARC = YES;
				CLANG_ENABLE_OBJC_WEAK = YES;
				CLANG_WARN_BLOCK_CAPTURE_AUTORELEASING = YES;
				CLANG_WARN_BOOL_CONVERSION = YES;
				CLANG_WARN_COMMA = YES;
				CLANG_WARN_CONSTANT_CONVERSION = YES;
				CLANG_WARN_DEPRECATED_OBJC_IMPLEMENTATIONS = YES;
				CLANG_WARN_DIRECT_OBJC_ISA_USAGE = YES_ERROR;
				CLANG_WARN_DOCUMENTATION_COMMENTS = YES;
				CLANG_WARN_EMPTY_BODY = YES;
				CLANG_WARN_ENUM_CONVERSION = YES;
				CLANG_WARN_INFINITE_RECURSION = YES;
				CLANG_WARN_INT_CONVERSION = YES;
				CLANG_WARN_NON_LITERAL_NULL_CONVERSION = YES;
				CLANG_WARN_OBJC_IMPLICIT_RETAIN_SELF = YES;
				CLANG_WARN_OBJC_LITERAL_CONVERSION = YES;
				CLANG_WARN_OBJC_ROOT_CLASS = YES_ERROR;
				CLANG_WARN_QUOTED_INCLUDE_IN_FRAMEWORK_HEADER = YES;
				CLANG_WARN_RANGE_LOOP_ANALYSIS = YES;
				CLANG_WARN_STRICT_PROTOTYPES = YES;
				CLANG_WARN_SUSPICIOUS_MOVE = YES;
				CLANG_WARN_UNGUARDED_AVAILABILITY = YES_AGGRESSIVE;
				CLANG_WARN_UNREACHABLE_CODE = YES;
				CLANG_WARN__DUPLICATE_METHOD_MATCH = YES;
				COPY_PHASE_STRIP = NO;
				DEBUG_INFORMATION_FORMAT = dwarf;
				DEVELOPMENT_TEAM = X5T4GAAGZT;
				ENABLE_STRICT_OBJC_MSGSEND = YES;
				ENABLE_TESTABILITY = YES;
				ENABLE_USER_SCRIPT_SANDBOXING = YES;
				GCC_C_LANGUAGE_STANDARD = gnu17;
				GCC_DYNAMIC_NO_PIC = NO;
				GCC_NO_COMMON_BLOCKS = YES;
				GCC_OPTIMIZATION_LEVEL = 0;
				GCC_PREPROCESSOR_DEFINITIONS = (
					"DEBUG=1",
					"$(inherited)",
				);
				GCC_WARN_64_TO_32_BIT_CONVERSION = YES;
				GCC_WARN_ABOUT_RETURN_TYPE = YES_ERROR;
				GCC_WARN_UNDECLARED_SELECTOR = YES;
				GCC_WARN_UNINITIALIZED_AUTOS = YES_AGGRESSIVE;
				GCC_WARN_UNUSED_FUNCTION = YES;
				GCC_WARN_UNUSED_VARIABLE = YES;
				IPHONEOS_DEPLOYMENT_TARGET = 18.0;
				LOCALIZATION_PREFERS_STRING_CATALOGS = YES;
				MTL_ENABLE_DEBUG_INFO = INCLUDE_SOURCE;
				MTL_FAST_MATH = YES;
				ONLY_ACTIVE_ARCH = YES;
				SDKROOT = iphoneos;
				SWIFT_ACTIVE_COMPILATION_CONDITIONS = "DEBUG $(inherited)";
				SWIFT_OPTIMIZATION_LEVEL = "-Onone";
			};
			name = Debug;
		};
		D4126C682DE1B83D0077F67A /* Release */ = {
			isa = XCBuildConfiguration;
			buildSettings = {
				ALWAYS_SEARCH_USER_PATHS = NO;
				ASSETCATALOG_COMPILER_GENERATE_SWIFT_ASSET_SYMBOL_EXTENSIONS = YES;
				CLANG_ANALYZER_NONNULL = YES;
				CLANG_ANALYZER_NUMBER_OBJECT_CONVERSION = YES_AGGRESSIVE;
				CLANG_CXX_LANGUAGE_STANDARD = "gnu++20";
				CLANG_ENABLE_MODULES = YES;
				CLANG_ENABLE_OBJC_ARC = YES;
				CLANG_ENABLE_OBJC_WEAK = YES;
				CLANG_WARN_BLOCK_CAPTURE_AUTORELEASING = YES;
				CLANG_WARN_BOOL_CONVERSION = YES;
				CLANG_WARN_COMMA = YES;
				CLANG_WARN_CONSTANT_CONVERSION = YES;
				CLANG_WARN_DEPRECATED_OBJC_IMPLEMENTATIONS = YES;
				CLANG_WARN_DIRECT_OBJC_ISA_USAGE = YES_ERROR;
				CLANG_WARN_DOCUMENTATION_COMMENTS = YES;
				CLANG_WARN_EMPTY_BODY = YES;
				CLANG_WARN_ENUM_CONVERSION = YES;
				CLANG_WARN_INFINITE_RECURSION = YES;
				CLANG_WARN_INT_CONVERSION = YES;
				CLANG_WARN_NON_LITERAL_NULL_CONVERSION = YES;
				CLANG_WARN_OBJC_IMPLICIT_RETAIN_SELF = YES;
				CLANG_WARN_OBJC_LITERAL_CONVERSION = YES;
				CLANG_WARN_OBJC_ROOT_CLASS = YES_ERROR;
				CLANG_WARN_QUOTED_INCLUDE_IN_FRAMEWORK_HEADER = YES;
				CLANG_WARN_RANGE_LOOP_ANALYSIS = YES;
				CLANG_WARN_STRICT_PROTOTYPES = YES;
				CLANG_WARN_SUSPICIOUS_MOVE = YES;
				CLANG_WARN_UNGUARDED_AVAILABILITY = YES_AGGRESSIVE;
				CLANG_WARN_UNREACHABLE_CODE = YES;
				CLANG_WARN__DUPLICATE_METHOD_MATCH = YES;
				COPY_PHASE_STRIP = NO;
				DEBUG_INFORMATION_FORMAT = "dwarf-with-dsym";
				DEVELOPMENT_TEAM = X5T4GAAGZT;
				ENABLE_NS_ASSERTIONS = NO;
				ENABLE_STRICT_OBJC_MSGSEND = YES;
				ENABLE_USER_SCRIPT_SANDBOXING = YES;
				GCC_C_LANGUAGE_STANDARD = gnu17;
				GCC_NO_COMMON_BLOCKS = YES;
				GCC_WARN_64_TO_32_BIT_CONVERSION = YES;
				GCC_WARN_ABOUT_RETURN_TYPE = YES_ERROR;
				GCC_WARN_UNDECLARED_SELECTOR = YES;
				GCC_WARN_UNINITIALIZED_AUTOS = YES_AGGRESSIVE;
				GCC_WARN_UNUSED_FUNCTION = YES;
				GCC_WARN_UNUSED_VARIABLE = YES;
				IPHONEOS_DEPLOYMENT_TARGET = 18.0;
				LOCALIZATION_PREFERS_STRING_CATALOGS = YES;
				MTL_ENABLE_DEBUG_INFO = NO;
				MTL_FAST_MATH = YES;
				SDKROOT = iphoneos;
				SWIFT_COMPILATION_MODE = wholemodule;
				VALIDATE_PRODUCT = YES;
			};
			name = Release;
		};
		D4126C6A2DE1B83D0077F67A /* Debug */ = {
			isa = XCBuildConfiguration;
			buildSettings = {
				ASSETCATALOG_COMPILER_APPICON_NAME = AppIcon;
				ASSETCATALOG_COMPILER_GLOBAL_ACCENT_COLOR_NAME = AccentColor;
				CODE_SIGN_STYLE = Automatic;
				CURRENT_PROJECT_VERSION = 1;
				DEVELOPMENT_TEAM = X5T4GAAGZT;
				ENABLE_PREVIEWS = YES;
				GENERATE_INFOPLIST_FILE = YES;
				INFOPLIST_FILE = "SmartBookkeeping-Info.plist";
				INFOPLIST_KEY_UIApplicationSceneManifest_Generation = YES;
				INFOPLIST_KEY_UIApplicationSupportsIndirectInputEvents = YES;
				INFOPLIST_KEY_UILaunchScreen_Generation = YES;
				INFOPLIST_KEY_UISupportedInterfaceOrientations_iPad = "UIInterfaceOrientationPortrait UIInterfaceOrientationPortraitUpsideDown UIInterfaceOrientationLandscapeLeft UIInterfaceOrientationLandscapeRight";
				INFOPLIST_KEY_UISupportedInterfaceOrientations_iPhone = "UIInterfaceOrientationPortrait UIInterfaceOrientationLandscapeLeft UIInterfaceOrientationLandscapeRight";
				IPHONEOS_DEPLOYMENT_TARGET = 18.0;
				LD_RUNPATH_SEARCH_PATHS = (
					"$(inherited)",
					"@executable_path/Frameworks",
				);
				MARKETING_VERSION = 1.0;
				PRODUCT_BUNDLE_IDENTIFIER = com.jason.SmartBookkeeping;
				PRODUCT_NAME = "$(TARGET_NAME)";
				SWIFT_EMIT_LOC_STRINGS = YES;
				SWIFT_VERSION = 5.0;
				TARGETED_DEVICE_FAMILY = "1,2";
			};
			name = Debug;
		};
		D4126C6B2DE1B83D0077F67A /* Release */ = {
			isa = XCBuildConfiguration;
			buildSettings = {
				ASSETCATALOG_COMPILER_APPICON_NAME = AppIcon;
				ASSETCATALOG_COMPILER_GLOBAL_ACCENT_COLOR_NAME = AccentColor;
				CODE_SIGN_STYLE = Automatic;
				CURRENT_PROJECT_VERSION = 1;
				DEVELOPMENT_TEAM = X5T4GAAGZT;
				ENABLE_PREVIEWS = YES;
				GENERATE_INFOPLIST_FILE = YES;
				INFOPLIST_FILE = "SmartBookkeeping-Info.plist";
				INFOPLIST_KEY_UIApplicationSceneManifest_Generation = YES;
				INFOPLIST_KEY_UIApplicationSupportsIndirectInputEvents = YES;
				INFOPLIST_KEY_UILaunchScreen_Generation = YES;
				INFOPLIST_KEY_UISupportedInterfaceOrientations_iPad = "UIInterfaceOrientationPortrait UIInterfaceOrientationPortraitUpsideDown UIInterfaceOrientationLandscapeLeft UIInterfaceOrientationLandscapeRight";
				INFOPLIST_KEY_UISupportedInterfaceOrientations_iPhone = "UIInterfaceOrientationPortrait UIInterfaceOrientationLandscapeLeft UIInterfaceOrientationLandscapeRight";
				IPHONEOS_DEPLOYMENT_TARGET = 18.0;
				LD_RUNPATH_SEARCH_PATHS = (
					"$(inherited)",
					"@executable_path/Frameworks",
				);
				MARKETING_VERSION = 1.0;
				PRODUCT_BUNDLE_IDENTIFIER = com.jason.SmartBookkeeping;
				PRODUCT_NAME = "$(TARGET_NAME)";
				SWIFT_EMIT_LOC_STRINGS = YES;
				SWIFT_VERSION = 5.0;
				TARGETED_DEVICE_FAMILY = "1,2";
			};
			name = Release;
		};
		D4126C6D2DE1B83D0077F67A /* Debug */ = {
			isa = XCBuildConfiguration;
			buildSettings = {
				BUNDLE_LOADER = "$(TEST_HOST)";
				CODE_SIGN_STYLE = Automatic;
				CURRENT_PROJECT_VERSION = 1;
				DEVELOPMENT_TEAM = X5T4GAAGZT;
				GENERATE_INFOPLIST_FILE = YES;
				IPHONEOS_DEPLOYMENT_TARGET = 18.0;
				MARKETING_VERSION = 1.0;
				PRODUCT_BUNDLE_IDENTIFIER = com.jason.SmartBookkeepingTests;
				PRODUCT_NAME = "$(TARGET_NAME)";
				SWIFT_EMIT_LOC_STRINGS = NO;
				SWIFT_VERSION = 5.0;
				TARGETED_DEVICE_FAMILY = "1,2";
				TEST_HOST = "$(BUILT_PRODUCTS_DIR)/SmartBookkeeping.app/$(BUNDLE_EXECUTABLE_FOLDER_PATH)/SmartBookkeeping";
			};
			name = Debug;
		};
		D4126C6E2DE1B83D0077F67A /* Release */ = {
			isa = XCBuildConfiguration;
			buildSettings = {
				BUNDLE_LOADER = "$(TEST_HOST)";
				CODE_SIGN_STYLE = Automatic;
				CURRENT_PROJECT_VERSION = 1;
				DEVELOPMENT_TEAM = X5T4GAAGZT;
				GENERATE_INFOPLIST_FILE = YES;
				IPHONEOS_DEPLOYMENT_TARGET = 18.0;
				MARKETING_VERSION = 1.0;
				PRODUCT_BUNDLE_IDENTIFIER = com.jason.SmartBookkeepingTests;
				PRODUCT_NAME = "$(TARGET_NAME)";
				SWIFT_EMIT_LOC_STRINGS = NO;
				SWIFT_VERSION = 5.0;
				TARGETED_DEVICE_FAMILY = "1,2";
				TEST_HOST = "$(BUILT_PRODUCTS_DIR)/SmartBookkeeping.app/$(BUNDLE_EXECUTABLE_FOLDER_PATH)/SmartBookkeeping";
			};
			name = Release;
		};
		D4126C702DE1B83D0077F67A /* Debug */ = {
			isa = XCBuildConfiguration;
			buildSettings = {
				CODE_SIGN_STYLE = Automatic;
				CURRENT_PROJECT_VERSION = 1;
				DEVELOPMENT_TEAM = X5T4GAAGZT;
				GENERATE_INFOPLIST_FILE = YES;
				IPHONEOS_DEPLOYMENT_TARGET = 18.0;
				MARKETING_VERSION = 1.0;
				PRODUCT_BUNDLE_IDENTIFIER = com.jason.SmartBookkeepingUITests;
				PRODUCT_NAME = "$(TARGET_NAME)";
				SWIFT_EMIT_LOC_STRINGS = NO;
				SWIFT_VERSION = 5.0;
				TARGETED_DEVICE_FAMILY = "1,2";
				TEST_TARGET_NAME = SmartBookkeeping;
			};
			name = Debug;
		};
		D4126C712DE1B83D0077F67A /* Release */ = {
			isa = XCBuildConfiguration;
			buildSettings = {
				CODE_SIGN_STYLE = Automatic;
				CURRENT_PROJECT_VERSION = 1;
				DEVELOPMENT_TEAM = X5T4GAAGZT;
				GENERATE_INFOPLIST_FILE = YES;
				IPHONEOS_DEPLOYMENT_TARGET = 18.0;
				MARKETING_VERSION = 1.0;
				PRODUCT_BUNDLE_IDENTIFIER = com.jason.SmartBookkeepingUITests;
				PRODUCT_NAME = "$(TARGET_NAME)";
				SWIFT_EMIT_LOC_STRINGS = NO;
				SWIFT_VERSION = 5.0;
				TARGETED_DEVICE_FAMILY = "1,2";
				TEST_TARGET_NAME = SmartBookkeeping;
			};
			name = Release;
		};
		D456EA922DE60E0500C44E8F /* Debug */ = {
			isa = XCBuildConfiguration;
			buildSettings = {
				CODE_SIGN_STYLE = Automatic;
				CURRENT_PROJECT_VERSION = 1;
				DEVELOPMENT_TEAM = X5T4GAAGZT;
				GENERATE_INFOPLIST_FILE = YES;
				INFOPLIST_FILE = SmartBookkeepingShare/Info.plist;
				INFOPLIST_KEY_CFBundleDisplayName = SmartBookkeepingShare;
				INFOPLIST_KEY_NSHumanReadableCopyright = "";
				IPHONEOS_DEPLOYMENT_TARGET = 18.4;
				LD_RUNPATH_SEARCH_PATHS = (
					"$(inherited)",
					"@executable_path/Frameworks",
					"@executable_path/../../Frameworks",
				);
				MARKETING_VERSION = 1.0;
				PRODUCT_BUNDLE_IDENTIFIER = com.jason.SmartBookkeeping.SmartBookkeepingShare;
				PRODUCT_NAME = "$(TARGET_NAME)";
				SKIP_INSTALL = YES;
				SWIFT_EMIT_LOC_STRINGS = YES;
				SWIFT_VERSION = 5.0;
				TARGETED_DEVICE_FAMILY = "1,2";
			};
			name = Debug;
		};
		D456EA932DE60E0500C44E8F /* Release */ = {
			isa = XCBuildConfiguration;
			buildSettings = {
				CODE_SIGN_STYLE = Automatic;
				CURRENT_PROJECT_VERSION = 1;
				DEVELOPMENT_TEAM = X5T4GAAGZT;
				GENERATE_INFOPLIST_FILE = YES;
				INFOPLIST_FILE = SmartBookkeepingShare/Info.plist;
				INFOPLIST_KEY_CFBundleDisplayName = SmartBookkeepingShare;
				INFOPLIST_KEY_NSHumanReadableCopyright = "";
				IPHONEOS_DEPLOYMENT_TARGET = 18.4;
				LD_RUNPATH_SEARCH_PATHS = (
					"$(inherited)",
					"@executable_path/Frameworks",
					"@executable_path/../../Frameworks",
				);
				MARKETING_VERSION = 1.0;
				PRODUCT_BUNDLE_IDENTIFIER = com.jason.SmartBookkeeping.SmartBookkeepingShare;
				PRODUCT_NAME = "$(TARGET_NAME)";
				SKIP_INSTALL = YES;
				SWIFT_EMIT_LOC_STRINGS = YES;
				SWIFT_VERSION = 5.0;
				TARGETED_DEVICE_FAMILY = "1,2";
			};
			name = Release;
		};
/* End XCBuildConfiguration section */

/* Begin XCConfigurationList section */
		D4126C432DE1B83B0077F67A /* Build configuration list for PBXProject "SmartBookkeeping" */ = {
			isa = XCConfigurationList;
			buildConfigurations = (
				D4126C672DE1B83D0077F67A /* Debug */,
				D4126C682DE1B83D0077F67A /* Release */,
			);
			defaultConfigurationIsVisible = 0;
			defaultConfigurationName = Release;
		};
		D4126C692DE1B83D0077F67A /* Build configuration list for PBXNativeTarget "SmartBookkeeping" */ = {
			isa = XCConfigurationList;
			buildConfigurations = (
				D4126C6A2DE1B83D0077F67A /* Debug */,
				D4126C6B2DE1B83D0077F67A /* Release */,
			);
			defaultConfigurationIsVisible = 0;
			defaultConfigurationName = Release;
		};
		D4126C6C2DE1B83D0077F67A /* Build configuration list for PBXNativeTarget "SmartBookkeepingTests" */ = {
			isa = XCConfigurationList;
			buildConfigurations = (
				D4126C6D2DE1B83D0077F67A /* Debug */,
				D4126C6E2DE1B83D0077F67A /* Release */,
			);
			defaultConfigurationIsVisible = 0;
			defaultConfigurationName = Release;
		};
		D4126C6F2DE1B83D0077F67A /* Build configuration list for PBXNativeTarget "SmartBookkeepingUITests" */ = {
			isa = XCConfigurationList;
			buildConfigurations = (
				D4126C702DE1B83D0077F67A /* Debug */,
				D4126C712DE1B83D0077F67A /* Release */,
			);
			defaultConfigurationIsVisible = 0;
			defaultConfigurationName = Release;
		};
		D456EA912DE60E0500C44E8F /* Build configuration list for PBXNativeTarget "SmartBookkeepingShare" */ = {
			isa = XCConfigurationList;
			buildConfigurations = (
				D456EA922DE60E0500C44E8F /* Debug */,
				D456EA932DE60E0500C44E8F /* Release */,
			);
			defaultConfigurationIsVisible = 0;
			defaultConfigurationName = Release;
		};
/* End XCConfigurationList section */
	};
	rootObject = D4126C402DE1B83B0077F67A /* Project object */;
}
